// !$*UTF8*$!
{
	archiveVersion = 1;
	classes = {
	};
	objectVersion = 50;
	objects = {

/* Begin PBXBuildFile section */
		D2387A2425CED00B0059F93A /* Shader.cpp in Sources */ = {isa = PBXBuildFile; fileRef = D2387A2225CED00B0059F93A /* Shader.cpp */; };
		D2387A2725CEE3910059F93A /* stb_image.cpp in Sources */ = {isa = PBXBuildFile; fileRef = D2387A2525CEE3910059F93A /* stb_image.cpp */; };
		D23F312A24BB45F200BFA637 /* glad.c in Sources */ = {isa = PBXBuildFile; fileRef = D23F312924BB45F200BFA637 /* glad.c */; };
		D23F312C24BB497000BFA637 /* libglfw.3.3.dylib in Frameworks */ = {isa = PBXBuildFile; fileRef = D23F312B24BB497000BFA637 /* libglfw.3.3.dylib */; };
		D23F312D24BB497000BFA637 /* libglfw.3.3.dylib in Embed Libraries */ = {isa = PBXBuildFile; fileRef = D23F312B24BB497000BFA637 /* libglfw.3.3.dylib */; settings = {ATTRIBUTES = (CodeSignOnCopy, ); }; };
		D2BD75A324BB2C4E00159ACD /* main.cpp in Sources */ = {isa = PBXBuildFile; fileRef = D2BD75A224BB2C4E00159ACD /* main.cpp */; };
		D2BD75AB24BB2CA500159ACD /* OpenGL.framework in Frameworks */ = {isa = PBXBuildFile; fileRef = D2BD75AA24BB2CA500159ACD /* OpenGL.framework */; };
/* End PBXBuildFile section */

/* Begin PBXCopyFilesBuildPhase section */
		D23F312724BB3ACF00BFA637 /* Embed Libraries */ = {
			isa = PBXCopyFilesBuildPhase;
			buildActionMask = 2147483647;
			dstPath = "";
			dstSubfolderSpec = 10;
			files = (
				D23F312D24BB497000BFA637 /* libglfw.3.3.dylib in Embed Libraries */,
			);
			name = "Embed Libraries";
			runOnlyForDeploymentPostprocessing = 0;
		};
		D2BD759D24BB2C4E00159ACD /* CopyFiles */ = {
			isa = PBXCopyFilesBuildPhase;
			buildActionMask = 2147483647;
			dstPath = /usr/share/man/man1/;
			dstSubfolderSpec = 0;
			files = (
			);
			runOnlyForDeploymentPostprocessing = 1;
		};
/* End PBXCopyFilesBuildPhase section */

/* Begin PBXFileReference section */
		D2387A2225CED00B0059F93A /* Shader.cpp */ = {isa = PBXFileReference; lastKnownFileType = sourcecode.cpp.cpp; path = Shader.cpp; sourceTree = "<group>"; };
		D2387A2325CED00B0059F93A /* Shader.hpp */ = {isa = PBXFileReference; lastKnownFileType = sourcecode.cpp.h; path = Shader.hpp; sourceTree = "<group>"; };
		D2387A2525CEE3910059F93A /* stb_image.cpp */ = {isa = PBXFileReference; lastKnownFileType = sourcecode.cpp.cpp; path = stb_image.cpp; sourceTree = "<group>"; };
		D2387A2625CEE3910059F93A /* stb_image.hpp */ = {isa = PBXFileReference; lastKnownFileType = sourcecode.cpp.h; path = stb_image.hpp; sourceTree = "<group>"; };
		D23F312924BB45F200BFA637 /* glad.c */ = {isa = PBXFileReference; fileEncoding = 4; lastKnownFileType = sourcecode.c.c; path = glad.c; sourceTree = "<group>"; };
		D23F312B24BB497000BFA637 /* libglfw.3.3.dylib */ = {isa = PBXFileReference; lastKnownFileType = "compiled.mach-o.dylib"; name = libglfw.3.3.dylib; path = ../../3rdparty/libs/libglfw.3.3.dylib; sourceTree = "<group>"; };
		D2BD759F24BB2C4E00159ACD /* learnopengl */ = {isa = PBXFileReference; explicitFileType = "compiled.mach-o.executable"; includeInIndex = 0; path = learnopengl; sourceTree = BUILT_PRODUCTS_DIR; };
		D2BD75A224BB2C4E00159ACD /* main.cpp */ = {isa = PBXFileReference; lastKnownFileType = sourcecode.cpp.cpp; path = main.cpp; sourceTree = "<group>"; };
		D2BD75AA24BB2CA500159ACD /* OpenGL.framework */ = {isa = PBXFileReference; lastKnownFileType = wrapper.framework; name = OpenGL.framework; path = System/Library/Frameworks/OpenGL.framework; sourceTree = SDKROOT; };
/* End PBXFileReference section */

/* Begin PBXFrameworksBuildPhase section */
		D2BD759C24BB2C4E00159ACD /* Frameworks */ = {
			isa = PBXFrameworksBuildPhase;
			buildActionMask = 2147483647;
			files = (
				D23F312C24BB497000BFA637 /* libglfw.3.3.dylib in Frameworks */,
				D2BD75AB24BB2CA500159ACD /* OpenGL.framework in Frameworks */,
			);
			runOnlyForDeploymentPostprocessing = 0;
		};
/* End PBXFrameworksBuildPhase section */

/* Begin PBXGroup section */
		D2BD759624BB2C4E00159ACD = {
			isa = PBXGroup;
			children = (
				D2BD75A124BB2C4E00159ACD /* learnopengl */,
				D2BD75A024BB2C4E00159ACD /* Products */,
				D2BD75A924BB2CA500159ACD /* Frameworks */,
			);
			sourceTree = "<group>";
		};
		D2BD75A024BB2C4E00159ACD /* Products */ = {
			isa = PBXGroup;
			children = (
				D2BD759F24BB2C4E00159ACD /* learnopengl */,
			);
			name = Products;
			sourceTree = "<group>";
		};
		D2BD75A124BB2C4E00159ACD /* learnopengl */ = {
			isa = PBXGroup;
			children = (
				D2387A2225CED00B0059F93A /* Shader.cpp */,
				D2387A2325CED00B0059F93A /* Shader.hpp */,
				D23F312924BB45F200BFA637 /* glad.c */,
				D2BD75A224BB2C4E00159ACD /* main.cpp */,
				D2387A2525CEE3910059F93A /* stb_image.cpp */,
				D2387A2625CEE3910059F93A /* stb_image.hpp */,
			);
			path = learnopengl;
			sourceTree = "<group>";
		};
		D2BD75A924BB2CA500159ACD /* Frameworks */ = {
			isa = PBXGroup;
			children = (
				D23F312B24BB497000BFA637 /* libglfw.3.3.dylib */,
				D2BD75AA24BB2CA500159ACD /* OpenGL.framework */,
			);
			name = Frameworks;
			sourceTree = "<group>";
		};
/* End PBXGroup section */

/* Begin PBXNativeTarget section */
		D2BD759E24BB2C4E00159ACD /* learnopengl */ = {
			isa = PBXNativeTarget;
			buildConfigurationList = D2BD75A624BB2C4E00159ACD /* Build configuration list for PBXNativeTarget "learnopengl" */;
			buildPhases = (
				D2BD759B24BB2C4E00159ACD /* Sources */,
				D2BD759C24BB2C4E00159ACD /* Frameworks */,
				D2BD759D24BB2C4E00159ACD /* CopyFiles */,
				D23F312724BB3ACF00BFA637 /* Embed Libraries */,
			);
			buildRules = (
			);
			dependencies = (
			);
			name = learnopengl;
			productName = learnopengl;
			productReference = D2BD759F24BB2C4E00159ACD /* learnopengl */;
			productType = "com.apple.product-type.tool";
		};
/* End PBXNativeTarget section */

/* Begin PBXProject section */
		D2BD759724BB2C4E00159ACD /* Project object */ = {
			isa = PBXProject;
			attributes = {
				LastUpgradeCheck = 1130;
				ORGANIZATIONNAME = wangHao;
				TargetAttributes = {
					D2BD759E24BB2C4E00159ACD = {
						CreatedOnToolsVersion = 11.3.1;
					};
				};
			};
			buildConfigurationList = D2BD759A24BB2C4E00159ACD /* Build configuration list for PBXProject "learnopengl" */;
			compatibilityVersion = "Xcode 9.3";
			developmentRegion = en;
			hasScannedForEncodings = 0;
			knownRegions = (
				en,
				Base,
			);
			mainGroup = D2BD759624BB2C4E00159ACD;
			productRefGroup = D2BD75A024BB2C4E00159ACD /* Products */;
			projectDirPath = "";
			projectRoot = "";
			targets = (
				D2BD759E24BB2C4E00159ACD /* learnopengl */,
			);
		};
/* End PBXProject section */

/* Begin PBXSourcesBuildPhase section */
		D2BD759B24BB2C4E00159ACD /* Sources */ = {
			isa = PBXSourcesBuildPhase;
			buildActionMask = 2147483647;
			files = (
				D2BD75A324BB2C4E00159ACD /* main.cpp in Sources */,
				D2387A2725CEE3910059F93A /* stb_image.cpp in Sources */,
				D2387A2425CED00B0059F93A /* Shader.cpp in Sources */,
				D23F312A24BB45F200BFA637 /* glad.c in Sources */,
			);
			runOnlyForDeploymentPostprocessing = 0;
		};
/* End PBXSourcesBuildPhase section */

/* Begin XCBuildConfiguration section */
		D2BD75A424BB2C4E00159ACD /* Debug */ = {
			isa = XCBuildConfiguration;
			buildSettings = {
				ALWAYS_SEARCH_USER_PATHS = NO;
				CLANG_ANALYZER_NONNULL = YES;
				CLANG_ANALYZER_NUMBER_OBJECT_CONVERSION = YES_AGGRESSIVE;
				CLANG_CXX_LANGUAGE_STANDARD = "gnu++14";
				CLANG_CXX_LIBRARY = "libc++";
				CLANG_ENABLE_MODULES = YES;
				CLANG_ENABLE_OBJC_ARC = YES;
				CLANG_ENABLE_OBJC_WEAK = YES;
				CLANG_WARN_BLOCK_CAPTURE_AUTORELEASING = YES;
				CLANG_WARN_BOOL_CONVERSION = YES;
				CLANG_WARN_COMMA = YES;
				CLANG_WARN_CONSTANT_CONVERSION = YES;
				CLANG_WARN_DEPRECATED_OBJC_IMPLEMENTATIONS = YES;
				CLANG_WARN_DIRECT_OBJC_ISA_USAGE = YES_ERROR;
				CLANG_WARN_DOCUMENTATION_COMMENTS = YES;
				CLANG_WARN_EMPTY_BODY = YES;
				CLANG_WARN_ENUM_CONVERSION = YES;
				CLANG_WARN_INFINITE_RECURSION = YES;
				CLANG_WARN_INT_CONVERSION = YES;
				CLANG_WARN_NON_LITERAL_NULL_CONVERSION = YES;
				CLANG_WARN_OBJC_IMPLICIT_RETAIN_SELF = YES;
				CLANG_WARN_OBJC_LITERAL_CONVERSION = YES;
				CLANG_WARN_OBJC_ROOT_CLASS = YES_ERROR;
				CLANG_WARN_RANGE_LOOP_ANALYSIS = YES;
				CLANG_WARN_STRICT_PROTOTYPES = YES;
				CLANG_WARN_SUSPICIOUS_MOVE = YES;
				CLANG_WARN_UNGUARDED_AVAILABILITY = YES_AGGRESSIVE;
				CLANG_WARN_UNREACHABLE_CODE = YES;
				CLANG_WARN__DUPLICATE_METHOD_MATCH = YES;
				COPY_PHASE_STRIP = NO;
				DEBUG_INFORMATION_FORMAT = dwarf;
				ENABLE_STRICT_OBJC_MSGSEND = YES;
				ENABLE_TESTABILITY = YES;
				GCC_C_LANGUAGE_STANDARD = gnu11;
				GCC_DYNAMIC_NO_PIC = NO;
				GCC_NO_COMMON_BLOCKS = YES;
				GCC_OPTIMIZATION_LEVEL = 0;
				GCC_PREPROCESSOR_DEFINITIONS = (
					"DEBUG=1",
					"$(inherited)",
				);
				GCC_WARN_64_TO_32_BIT_CONVERSION = YES;
				GCC_WARN_ABOUT_RETURN_TYPE = YES_ERROR;
				GCC_WARN_UNDECLARED_SELECTOR = YES;
				GCC_WARN_UNINITIALIZED_AUTOS = YES_AGGRESSIVE;
				GCC_WARN_UNUSED_FUNCTION = YES;
				GCC_WARN_UNUSED_VARIABLE = YES;
				MACOSX_DEPLOYMENT_TARGET = 10.15;
				MTL_ENABLE_DEBUG_INFO = INCLUDE_SOURCE;
				MTL_FAST_MATH = YES;
				ONLY_ACTIVE_ARCH = YES;
				SDKROOT = macosx;
			};
			name = Debug;
		};
		D2BD75A524BB2C4E00159ACD /* Release */ = {
			isa = XCBuildConfiguration;
			buildSettings = {
				ALWAYS_SEARCH_USER_PATHS = NO;
				CLANG_ANALYZER_NONNULL = YES;
				CLANG_ANALYZER_NUMBER_OBJECT_CONVERSION = YES_AGGRESSIVE;
				CLANG_CXX_LANGUAGE_STANDARD = "gnu++14";
				CLANG_CXX_LIBRARY = "libc++";
				CLANG_ENABLE_MODULES = YES;
				CLANG_ENABLE_OBJC_ARC = YES;
				CLANG_ENABLE_OBJC_WEAK = YES;
				CLANG_WARN_BLOCK_CAPTURE_AUTORELEASING = YES;
				CLANG_WARN_BOOL_CONVERSION = YES;
				CLANG_WARN_COMMA = YES;
				CLANG_WARN_CONSTANT_CONVERSION = YES;
				CLANG_WARN_DEPRECATED_OBJC_IMPLEMENTATIONS = YES;
				CLANG_WARN_DIRECT_OBJC_ISA_USAGE = YES_ERROR;
				CLANG_WARN_DOCUMENTATION_COMMENTS = YES;
				CLANG_WARN_EMPTY_BODY = YES;
				CLANG_WARN_ENUM_CONVERSION = YES;
				CLANG_WARN_INFINITE_RECURSION = YES;
				CLANG_WARN_INT_CONVERSION = YES;
				CLANG_WARN_NON_LITERAL_NULL_CONVERSION = YES;
				CLANG_WARN_OBJC_IMPLICIT_RETAIN_SELF = YES;
				CLANG_WARN_OBJC_LITERAL_CONVERSION = YES;
				CLANG_WARN_OBJC_ROOT_CLASS = YES_ERROR;
				CLANG_WARN_RANGE_LOOP_ANALYSIS = YES;
				CLANG_WARN_STRICT_PROTOTYPES = YES;
				CLANG_WARN_SUSPICIOUS_MOVE = YES;
				CLANG_WARN_UNGUARDED_AVAILABILITY = YES_AGGRESSIVE;
				CLANG_WARN_UNREACHABLE_CODE = YES;
				CLANG_WARN__DUPLICATE_METHOD_MATCH = YES;
				COPY_PHASE_STRIP = NO;
				DEBUG_INFORMATION_FORMAT = "dwarf-with-dsym";
				ENABLE_NS_ASSERTIONS = NO;
				ENABLE_STRICT_OBJC_MSGSEND = YES;
				GCC_C_LANGUAGE_STANDARD = gnu11;
				GCC_NO_COMMON_BLOCKS = YES;
				GCC_WARN_64_TO_32_BIT_CONVERSION = YES;
				GCC_WARN_ABOUT_RETURN_TYPE = YES_ERROR;
				GCC_WARN_UNDECLARED_SELECTOR = YES;
				GCC_WARN_UNINITIALIZED_AUTOS = YES_AGGRESSIVE;
				GCC_WARN_UNUSED_FUNCTION = YES;
				GCC_WARN_UNUSED_VARIABLE = YES;
				MACOSX_DEPLOYMENT_TARGET = 10.15;
				MTL_ENABLE_DEBUG_INFO = NO;
				MTL_FAST_MATH = YES;
				SDKROOT = macosx;
			};
			name = Release;
		};
		D2BD75A724BB2C4E00159ACD /* Debug */ = {
			isa = XCBuildConfiguration;
			buildSettings = {
				CODE_SIGN_STYLE = Automatic;
				DEVELOPMENT_TEAM = 6WVKF6Y4GG;
				ENABLE_HARDENED_RUNTIME = YES;
				"HEADER_SEARCH_PATHS[arch=*]" = /Users/wanghao/Desktop/game/3rdparty/include;
				LIBRARY_SEARCH_PATHS = "";
				"LIBRARY_SEARCH_PATHS[arch=*]" = (
					"$(inherited)",
					/Users/wanghao/Desktop/game/3rdparty/libs,
				);
				"OTHER_LDFLAGS[arch=*]" = (
					"-ObjC",
					"-I\"glfw3.3\"",
				);
				PRODUCT_NAME = "$(TARGET_NAME)";
			};
			name = Debug;
		};
		D2BD75A824BB2C4E00159ACD /* Release */ = {
			isa = XCBuildConfiguration;
			buildSettings = {
				CODE_SIGN_STYLE = Automatic;
				DEVELOPMENT_TEAM = 6WVKF6Y4GG;
				ENABLE_HARDENED_RUNTIME = YES;
				LIBRARY_SEARCH_PATHS = "";
				PRODUCT_NAME = "$(TARGET_NAME)";
			};
			name = Release;
		};
/* End XCBuildConfiguration section */

/* Begin XCConfigurationList section */
		D2BD759A24BB2C4E00159ACD /* Build configuration list for PBXProject "learnopengl" */ = {
			isa = XCConfigurationList;
			buildConfigurations = (
				D2BD75A424BB2C4E00159ACD /* Debug */,
				D2BD75A524BB2C4E00159ACD /* Release */,
			);
			defaultConfigurationIsVisible = 0;
			defaultConfigurationName = Release;
		};
		D2BD75A624BB2C4E00159ACD /* Build configuration list for PBXNativeTarget "learnopengl" */ = {
			isa = XCConfigurationList;
			buildConfigurations = (
				D2BD75A724BB2C4E00159ACD /* Debug */,
				D2BD75A824BB2C4E00159ACD /* Release */,
			);
			defaultConfigurationIsVisible = 0;
			defaultConfigurationName = Release;
		};
/* End XCConfigurationList section */
	};
	rootObject = D2BD759724BB2C4E00159ACD /* Project object */;
}
